
Microsoft Visual Studio Solution File, Format Version 12.00
# Visual Studio 15
VisualStudioVersion = 15.0.26430.13
MinimumVisualStudioVersion = 10.0.40219.1
Project("{FAE04EC0-301F-11D3-BF4B-00C04F79EFBC}") = "MapsProvider", "MapsProvider\MapsProvider.csproj", "{F9AED0B4-95EE-4F83-BF6C-414551D04135}"
EndProject
Global
	GlobalSection(SolutionConfigurationPlatforms) = preSolution
		Debug|ARM = Debug|ARM
		Debug|x64 = Debug|x64
		Debug|x86 = Debug|x86
		Release|ARM = Release|ARM
		Release|x64 = Release|x64
		Release|x86 = Release|x86
	EndGlobalSection
	GlobalSection(ProjectConfigurationPlatforms) = postSolution
		{F9AED0B4-95EE-4F83-BF6C-414551D04135}.Debug|ARM.ActiveCfg = Debug|ARM
		{F9AED0B4-95EE-4F83-BF6C-414551D04135}.Debug|ARM.Build.0 = Debug|ARM
		{F9AED0B4-95EE-4F83-BF6C-414551D04135}.Debug|ARM.Deploy.0 = Debug|ARM
		{F9AED0B4-95EE-4F83-BF6C-414551D04135}.Debug|x64.ActiveCfg = Debug|x64
		{F9AED0B4-95EE-4F83-BF6C-414551D04135}.Debug|x64.Build.0 = Debug|x64
		{F9AED0B4-95EE-4F83-BF6C-414551D04135}.Debug|x64.Deploy.0 = Debug|x64
		{F9AED0B4-95EE-4F83-BF6C-414551D04135}.Debug|x86.ActiveCfg = Debug|x86
		{F9AED0B4-95EE-4F83-BF6C-414551D04135}.Debug|x86.Build.0 = Debug|x86
		{F9AED0B4-95EE-4F83-BF6C-414551D04135}.Debug|x86.Deploy.0 = Debug|x86
		{F9AED0B4-95EE-4F83-BF6C-414551D04135}.Release|ARM.ActiveCfg = Release|ARM
		{F9AED0B4-95EE-4F83-BF6C-414551D04135}.Release|ARM.Build.0 = Release|ARM
		{F9AED0B4-95EE-4F83-BF6C-414551D04135}.Release|ARM.Deploy.0 = Release|ARM
		{F9AED0B4-95EE-4F83-BF6C-414551D04135}.Release|x64.ActiveCfg = Release|x64
		{F9AED0B4-95EE-4F83-BF6C-414551D04135}.Release|x64.Build.0 = Release|x64
		{F9AED0B4-95EE-4F83-BF6C-414551D04135}.Release|x64.Deploy.0 = Release|x64
		{F9AED0B4-95EE-4F83-BF6C-414551D04135}.Release|x86.ActiveCfg = Release|x86
		{F9AED0B4-95EE-4F83-BF6C-414551D04135}.Release|x86.Build.0 = Release|x86
		{F9AED0B4-95EE-4F83-BF6C-414551D04135}.Release|x86.Deploy.0 = Release|x86
	EndGlobalSection
	GlobalSection(SolutionProperties) = preSolution
		HideSolutionNode = FALSE
	EndGlobalSection
EndGlobal
